lockfileVersion: '9.0'

settings:
  autoInstallPeers: true
  excludeLinksFromLockfile: false

importers:

  .:
    dependencies:
      ramda:
        specifier: 0.32.0
        version: 0.32.0

packages:

  ramda@0.32.0:
    resolution: {integrity: sha512-GQWAHhxhxWBWA8oIBr1XahFVjQ9Fic6MK9ikijfd4TZHfE2+urfk+irVlR5VOn48uwMgM+loRRBJd6Yjsbc0zQ==}

snapshots:

  ramda@0.32.0: {}
